{
  "name": "backend-candidate-search",
  "lockfileVersion": 2,
  "requires": true,
  "packages": {
    "": {
      "devDependencies": {
        "serverless-plugin-lambda-insights": "^1.5.0"
      }
    },
    "node_modules/serverless-plugin-lambda-insights": {
      "version": "1.5.0",
      "resolved": "https://registry.npmjs.org/serverless-plugin-lambda-insights/-/serverless-plugin-lambda-insights-1.5.0.tgz",
      "integrity": "sha512-6VlV7kjs493P8jM5hF2k4crF1mxB3sGUql6Nj0hyz7zOBxQWjrdcKTC8OAOxwiJOERgCHN2OqqetK3lTM2HvvQ==",
      "dev": true
    }
  },
  "dependencies": {
    "serverless-plugin-lambda-insights": {
      "version": "1.5.0",
      "resolved": "https://registry.npmjs.org/serverless-plugin-lambda-insights/-/serverless-plugin-lambda-insights-1.5.0.tgz",
      "integrity": "sha512-6VlV7kjs493P8jM5hF2k4crF1mxB3sGUql6Nj0hyz7zOBxQWjrdcKTC8OAOxwiJOERgCHN2OqqetK3lTM2HvvQ==",
      "dev": true
    }
  }
}
